dependencies:
- name: kubernetes-ingress
  repository: https://haproxytech.github.io/helm-charts
  version: 1.15.4
- name: kube-prometheus-stack
  repository: https://prometheus-community.github.io/helm-charts
  version: 16.0.1
- name: elasticsearch
  repository: https://helm.elastic.co
  version: 7.12.0
- name: kibana
  repository: https://helm.elastic.co
  version: 7.12.0
- name: redis-cluster
  repository: https://charts.bitnami.com/bitnami
  version: 7.6.0
- name: scalable-query-engine-scaling
  repository: ""
  version: 1.0.0
digest: sha256:54837a7c57e07241e76a031788dab4c3d23d5a5be3b5b6f88283f3ebf706aad5
generated: "2022-12-15T17:14:41.5798932+05:30"
