dependencies:
- name: kubernetes-ingress
  repository: https://haproxytech.github.io/helm-charts
  version: 1.15.4
- name: kube-prometheus-stack
  repository: https://prometheus-community.github.io/helm-charts
  version: 16.0.1
- name: elasticsearch
  repository: https://helm.elastic.co
  version: 7.12.0
- name: kibana
  repository: https://helm.elastic.co
  version: 7.12.0
- name: scalable-query-engine
  repository: file://../../scalableQueryEngine/helm
  version: 1.0.0
digest: sha256:686ed4a690013f6a4b5d897ebe9a56f5a8aa535d29bc93ac5b626dbc234532e4
generated: "2022-09-24T15:33:22.1156251+05:30"
