dependencies:
- name: kubernetes-ingress
  repository: https://haproxytech.github.io/helm-charts
  version: 1.29.3
- name: kube-prometheus-stack
  repository: https://prometheus-community.github.io/helm-charts
  version: 56.3.0
- name: elasticsearch
  repository: https://charts.bitnami.com/bitnami
  version: 19.17.2
- name: scalable-query-engine
  repository: file://../../scalableQueryEngine/helm
  version: 1.0.0
digest: sha256:81777879508a46ba9d340c5f8f545ec2877da61c38635945d0ae58c9a75f7ea4
generated: "2024-04-10T10:05:05.3822647+05:30"
