dependencies:
- name: kubernetes-ingress
  repository: https://haproxytech.github.io/helm-charts
  version: 1.29.3
- name: kube-prometheus-stack
  repository: https://prometheus-community.github.io/helm-charts
  version: 16.0.1
- name: elasticsearch
  repository: https://helm.elastic.co
  version: 7.12.0
- name: kibana
  repository: https://helm.elastic.co
  version: 7.12.0
- name: scalable-query-engine
  repository: file://../../scalableQueryEngine/helm
  version: 1.0.0
digest: sha256:fdcc8d54046046394473b3235c434bea30ff1beb1411d32a7976fdaacddec707
generated: "2023-04-18T21:04:35.6321472+05:30"
